
Microsoft Visual Studio Solution File, Format Version 12.00
# Visual Studio Version 17
VisualStudioVersion = 17.10.35013.160
MinimumVisualStudioVersion = 10.0.40219.1
Project("{2150E333-8FDC-42A3-9474-1A3956D46DE8}") = "Task0", "Task0", "{72AA0144-F6FD-4210-A1F3-95DAFAAF0534}"
EndProject
Project("{9A19103F-16F7-4668-BE54-9A1E7A4F7556}") = "Tyuiu.SenachevAV.Sprint2.Task0.V19.Lib", "Tyuiu.SenachevAV.Sprint2.Task0.V19.Lib\Tyuiu.SenachevAV.Sprint2.Task0.V19.Lib.csproj", "{671CB12A-4737-4488-B892-3061841AEC6F}"
EndProject
Project("{9A19103F-16F7-4668-BE54-9A1E7A4F7556}") = "Tyuiu.SenachevAV.Sprint2.Task0.V19", "Tyuiu.SenachevAV.Sprint2.Task0.V19\Tyuiu.SenachevAV.Sprint2.Task0.V19.csproj", "{69862942-6576-4C07-BA53-391D25E4E4C7}"
EndProject
Project("{9A19103F-16F7-4668-BE54-9A1E7A4F7556}") = "Tyuiu.SenachevAV.Sprint2.Task0.V19.Lib.Test", "Tyuiu.SenachevAV.Sprint2.Task0.V19.Lib.Test\Tyuiu.SenachevAV.Sprint2.Task0.V19.Lib.Test.csproj", "{2AEE7D6E-98B5-4B91-B346-0624CBE9955B}"
EndProject
Project("{2150E333-8FDC-42A3-9474-1A3956D46DE8}") = "Task1", "Task1", "{53D9E8F7-FFBD-499D-B99F-B7A1D2E428A5}"
EndProject
Project("{2150E333-8FDC-42A3-9474-1A3956D46DE8}") = "Task2", "Task2", "{5704DE1F-BF94-4F9D-B5AC-1AEC4928E431}"
EndProject
Project("{2150E333-8FDC-42A3-9474-1A3956D46DE8}") = "Task3", "Task3", "{9CA70481-592D-458A-AD0F-4F9BB887DF64}"
EndProject
Project("{2150E333-8FDC-42A3-9474-1A3956D46DE8}") = "Task4", "Task4", "{CDF165EE-34A1-4191-B1E7-72C6E8FD3113}"
EndProject
Project("{2150E333-8FDC-42A3-9474-1A3956D46DE8}") = "Task5", "Task5", "{69E5145E-7600-4E7A-97F4-EFB78FF7C58E}"
EndProject
Project("{2150E333-8FDC-42A3-9474-1A3956D46DE8}") = "Task6", "Task6", "{C7FE4640-D167-4DEE-8BA6-03B62F562663}"
EndProject
Project("{2150E333-8FDC-42A3-9474-1A3956D46DE8}") = "Task7", "Task7", "{2E132D6E-C48C-4236-9BA4-93B7C9A7AACA}"
EndProject
Project("{9A19103F-16F7-4668-BE54-9A1E7A4F7556}") = "Tyuiu.SenachevAV.Sprint2.Task1.V6", "Tyuiu.SenachevAV.Sprint2.Task1.V6\Tyuiu.SenachevAV.Sprint2.Task1.V6.csproj", "{7692C9A2-F7E0-4D31-BA46-15047644F0C5}"
EndProject
Project("{9A19103F-16F7-4668-BE54-9A1E7A4F7556}") = "Tyuiu.SenachevAV.Sprint2.Task1.V6.Lib", "Tyuiu.SenachevAV.Sprint2.Task1.V6.Lib\Tyuiu.SenachevAV.Sprint2.Task1.V6.Lib.csproj", "{447AD922-9B63-471B-9D36-EEF6B058704F}"
EndProject
Project("{9A19103F-16F7-4668-BE54-9A1E7A4F7556}") = "Tyuiu.SenachevAV.Sprint2.Task1.V6.Test", "Tyuiu.SenachevAV.Sprint2.Task1.V6.Test\Tyuiu.SenachevAV.Sprint2.Task1.V6.Test.csproj", "{103E873E-DC6F-42FA-BAE5-0FF170798E12}"
EndProject
Project("{9A19103F-16F7-4668-BE54-9A1E7A4F7556}") = "Tyuiu.SenachevAV.Sprint2.Task2.V7", "Tyuiu.SenachevAV.Sprint2.Task2.V7\Tyuiu.SenachevAV.Sprint2.Task2.V7.csproj", "{075116B9-6067-455F-A1D8-21B6FBDD1419}"
EndProject
Project("{9A19103F-16F7-4668-BE54-9A1E7A4F7556}") = "Tyuiu.SenachevAV.Sprint2.Task2.V7.Lib", "Tyuiu.SenachevAV.Sprint2.Task2.V7.Lib\Tyuiu.SenachevAV.Sprint2.Task2.V7.Lib.csproj", "{4D075C36-BF28-466E-9BE3-3236B59E9FFE}"
EndProject
Project("{9A19103F-16F7-4668-BE54-9A1E7A4F7556}") = "Tyuiu.SenachevAV.Sprint2.Task2.V7.Test", "Tyuiu.SenachevAV.Sprint2.Task2.V7.Test\Tyuiu.SenachevAV.Sprint2.Task2.V7.Test.csproj", "{0A8D4EC5-45C2-44F5-80DF-8F1CC85E0BDA}"
EndProject
Project("{9A19103F-16F7-4668-BE54-9A1E7A4F7556}") = "Tyuiu.SenachevAV.Sprint2.Task3.V6", "Tyuiu.SenachevAV.Sprint2.Task3.V6\Tyuiu.SenachevAV.Sprint2.Task3.V6.csproj", "{F144B5ED-586E-440D-9342-DE65E2EC2998}"
EndProject
Project("{9A19103F-16F7-4668-BE54-9A1E7A4F7556}") = "Tyuiu.SenachevAV.Sprint2.Task3.V6.Test", "Tyuiu.SenachevAV.Sprint2.Task3.V6.Test\Tyuiu.SenachevAV.Sprint2.Task3.V6.Test.csproj", "{77434639-BEB5-468F-A612-4267186B5B34}"
EndProject
Project("{9A19103F-16F7-4668-BE54-9A1E7A4F7556}") = "Tyuiu.SenachevAV.Sprint2.Task3.V6.Lib", "Tyuiu.SenachevAV.Sprint2.Task3.V6.Lib\Tyuiu.SenachevAV.Sprint2.Task3.V6.Lib.csproj", "{2ACBCC49-EF6F-499B-856C-6A36C4648752}"
EndProject
Project("{FAE04EC0-301F-11D3-BF4B-00C04F79EFBC}") = "Tyuiu.SenachevAV.Sprint2.Task4.V10", "Tyuiu.SenachevAV.Sprint2.Task4.V10\Tyuiu.SenachevAV.Sprint2.Task4.V10.csproj", "{4B04C817-267C-49EA-B268-ED2D4C6E7AC6}"
EndProject
Project("{FAE04EC0-301F-11D3-BF4B-00C04F79EFBC}") = "Tyuiu.SenachevAV.Sprint2.Task4.V10.Lib", "Tyuiu.SenachevAV.Sprint2.Task4.V10.Lib\Tyuiu.SenachevAV.Sprint2.Task4.V10.Lib.csproj", "{773BFFF2-9B16-4301-84D6-1460A3BD4A68}"
EndProject
Project("{FAE04EC0-301F-11D3-BF4B-00C04F79EFBC}") = "Tyuiu.SenachevAV.Sprint2.Task4.V10.Test", "Tyuiu.SenachevAV.Sprint2.Task4.V10.Test\Tyuiu.SenachevAV.Sprint2.Task4.V10.Test.csproj", "{836D68ED-8F3C-46BB-8556-064DDF6D7B73}"
EndProject
Global
	GlobalSection(SolutionConfigurationPlatforms) = preSolution
		Debug|Any CPU = Debug|Any CPU
		Release|Any CPU = Release|Any CPU
	EndGlobalSection
	GlobalSection(ProjectConfigurationPlatforms) = postSolution
		{671CB12A-4737-4488-B892-3061841AEC6F}.Debug|Any CPU.ActiveCfg = Debug|Any CPU
		{671CB12A-4737-4488-B892-3061841AEC6F}.Debug|Any CPU.Build.0 = Debug|Any CPU
		{671CB12A-4737-4488-B892-3061841AEC6F}.Release|Any CPU.ActiveCfg = Release|Any CPU
		{671CB12A-4737-4488-B892-3061841AEC6F}.Release|Any CPU.Build.0 = Release|Any CPU
		{69862942-6576-4C07-BA53-391D25E4E4C7}.Debug|Any CPU.ActiveCfg = Debug|Any CPU
		{69862942-6576-4C07-BA53-391D25E4E4C7}.Debug|Any CPU.Build.0 = Debug|Any CPU
		{69862942-6576-4C07-BA53-391D25E4E4C7}.Release|Any CPU.ActiveCfg = Release|Any CPU
		{69862942-6576-4C07-BA53-391D25E4E4C7}.Release|Any CPU.Build.0 = Release|Any CPU
		{2AEE7D6E-98B5-4B91-B346-0624CBE9955B}.Debug|Any CPU.ActiveCfg = Debug|Any CPU
		{2AEE7D6E-98B5-4B91-B346-0624CBE9955B}.Debug|Any CPU.Build.0 = Debug|Any CPU
		{2AEE7D6E-98B5-4B91-B346-0624CBE9955B}.Release|Any CPU.ActiveCfg = Release|Any CPU
		{2AEE7D6E-98B5-4B91-B346-0624CBE9955B}.Release|Any CPU.Build.0 = Release|Any CPU
		{7692C9A2-F7E0-4D31-BA46-15047644F0C5}.Debug|Any CPU.ActiveCfg = Debug|Any CPU
		{7692C9A2-F7E0-4D31-BA46-15047644F0C5}.Debug|Any CPU.Build.0 = Debug|Any CPU
		{7692C9A2-F7E0-4D31-BA46-15047644F0C5}.Release|Any CPU.ActiveCfg = Release|Any CPU
		{7692C9A2-F7E0-4D31-BA46-15047644F0C5}.Release|Any CPU.Build.0 = Release|Any CPU
		{447AD922-9B63-471B-9D36-EEF6B058704F}.Debug|Any CPU.ActiveCfg = Debug|Any CPU
		{447AD922-9B63-471B-9D36-EEF6B058704F}.Debug|Any CPU.Build.0 = Debug|Any CPU
		{447AD922-9B63-471B-9D36-EEF6B058704F}.Release|Any CPU.ActiveCfg = Release|Any CPU
		{447AD922-9B63-471B-9D36-EEF6B058704F}.Release|Any CPU.Build.0 = Release|Any CPU
		{103E873E-DC6F-42FA-BAE5-0FF170798E12}.Debug|Any CPU.ActiveCfg = Debug|Any CPU
		{103E873E-DC6F-42FA-BAE5-0FF170798E12}.Debug|Any CPU.Build.0 = Debug|Any CPU
		{103E873E-DC6F-42FA-BAE5-0FF170798E12}.Release|Any CPU.ActiveCfg = Release|Any CPU
		{103E873E-DC6F-42FA-BAE5-0FF170798E12}.Release|Any CPU.Build.0 = Release|Any CPU
		{075116B9-6067-455F-A1D8-21B6FBDD1419}.Debug|Any CPU.ActiveCfg = Debug|Any CPU
		{075116B9-6067-455F-A1D8-21B6FBDD1419}.Debug|Any CPU.Build.0 = Debug|Any CPU
		{075116B9-6067-455F-A1D8-21B6FBDD1419}.Release|Any CPU.ActiveCfg = Release|Any CPU
		{075116B9-6067-455F-A1D8-21B6FBDD1419}.Release|Any CPU.Build.0 = Release|Any CPU
		{4D075C36-BF28-466E-9BE3-3236B59E9FFE}.Debug|Any CPU.ActiveCfg = Debug|Any CPU
		{4D075C36-BF28-466E-9BE3-3236B59E9FFE}.Debug|Any CPU.Build.0 = Debug|Any CPU
		{4D075C36-BF28-466E-9BE3-3236B59E9FFE}.Release|Any CPU.ActiveCfg = Release|Any CPU
		{4D075C36-BF28-466E-9BE3-3236B59E9FFE}.Release|Any CPU.Build.0 = Release|Any CPU
		{0A8D4EC5-45C2-44F5-80DF-8F1CC85E0BDA}.Debug|Any CPU.ActiveCfg = Debug|Any CPU
		{0A8D4EC5-45C2-44F5-80DF-8F1CC85E0BDA}.Debug|Any CPU.Build.0 = Debug|Any CPU
		{0A8D4EC5-45C2-44F5-80DF-8F1CC85E0BDA}.Release|Any CPU.ActiveCfg = Release|Any CPU
		{0A8D4EC5-45C2-44F5-80DF-8F1CC85E0BDA}.Release|Any CPU.Build.0 = Release|Any CPU
		{F144B5ED-586E-440D-9342-DE65E2EC2998}.Debug|Any CPU.ActiveCfg = Debug|Any CPU
		{F144B5ED-586E-440D-9342-DE65E2EC2998}.Debug|Any CPU.Build.0 = Debug|Any CPU
		{F144B5ED-586E-440D-9342-DE65E2EC2998}.Release|Any CPU.ActiveCfg = Release|Any CPU
		{F144B5ED-586E-440D-9342-DE65E2EC2998}.Release|Any CPU.Build.0 = Release|Any CPU
		{77434639-BEB5-468F-A612-4267186B5B34}.Debug|Any CPU.ActiveCfg = Debug|Any CPU
		{77434639-BEB5-468F-A612-4267186B5B34}.Debug|Any CPU.Build.0 = Debug|Any CPU
		{77434639-BEB5-468F-A612-4267186B5B34}.Release|Any CPU.ActiveCfg = Release|Any CPU
		{77434639-BEB5-468F-A612-4267186B5B34}.Release|Any CPU.Build.0 = Release|Any CPU
		{2ACBCC49-EF6F-499B-856C-6A36C4648752}.Debug|Any CPU.ActiveCfg = Debug|Any CPU
		{2ACBCC49-EF6F-499B-856C-6A36C4648752}.Debug|Any CPU.Build.0 = Debug|Any CPU
		{2ACBCC49-EF6F-499B-856C-6A36C4648752}.Release|Any CPU.ActiveCfg = Release|Any CPU
		{2ACBCC49-EF6F-499B-856C-6A36C4648752}.Release|Any CPU.Build.0 = Release|Any CPU
		{4B04C817-267C-49EA-B268-ED2D4C6E7AC6}.Debug|Any CPU.ActiveCfg = Debug|Any CPU
		{4B04C817-267C-49EA-B268-ED2D4C6E7AC6}.Debug|Any CPU.Build.0 = Debug|Any CPU
		{4B04C817-267C-49EA-B268-ED2D4C6E7AC6}.Release|Any CPU.ActiveCfg = Release|Any CPU
		{4B04C817-267C-49EA-B268-ED2D4C6E7AC6}.Release|Any CPU.Build.0 = Release|Any CPU
		{773BFFF2-9B16-4301-84D6-1460A3BD4A68}.Debug|Any CPU.ActiveCfg = Debug|Any CPU
		{773BFFF2-9B16-4301-84D6-1460A3BD4A68}.Debug|Any CPU.Build.0 = Debug|Any CPU
		{773BFFF2-9B16-4301-84D6-1460A3BD4A68}.Release|Any CPU.ActiveCfg = Release|Any CPU
		{773BFFF2-9B16-4301-84D6-1460A3BD4A68}.Release|Any CPU.Build.0 = Release|Any CPU
		{836D68ED-8F3C-46BB-8556-064DDF6D7B73}.Debug|Any CPU.ActiveCfg = Debug|Any CPU
		{836D68ED-8F3C-46BB-8556-064DDF6D7B73}.Debug|Any CPU.Build.0 = Debug|Any CPU
		{836D68ED-8F3C-46BB-8556-064DDF6D7B73}.Release|Any CPU.ActiveCfg = Release|Any CPU
		{836D68ED-8F3C-46BB-8556-064DDF6D7B73}.Release|Any CPU.Build.0 = Release|Any CPU
	EndGlobalSection
	GlobalSection(SolutionProperties) = preSolution
		HideSolutionNode = FALSE
	EndGlobalSection
	GlobalSection(NestedProjects) = preSolution
		{671CB12A-4737-4488-B892-3061841AEC6F} = {72AA0144-F6FD-4210-A1F3-95DAFAAF0534}
		{69862942-6576-4C07-BA53-391D25E4E4C7} = {72AA0144-F6FD-4210-A1F3-95DAFAAF0534}
		{2AEE7D6E-98B5-4B91-B346-0624CBE9955B} = {72AA0144-F6FD-4210-A1F3-95DAFAAF0534}
		{7692C9A2-F7E0-4D31-BA46-15047644F0C5} = {53D9E8F7-FFBD-499D-B99F-B7A1D2E428A5}
		{447AD922-9B63-471B-9D36-EEF6B058704F} = {53D9E8F7-FFBD-499D-B99F-B7A1D2E428A5}
		{103E873E-DC6F-42FA-BAE5-0FF170798E12} = {53D9E8F7-FFBD-499D-B99F-B7A1D2E428A5}
		{075116B9-6067-455F-A1D8-21B6FBDD1419} = {5704DE1F-BF94-4F9D-B5AC-1AEC4928E431}
		{4D075C36-BF28-466E-9BE3-3236B59E9FFE} = {5704DE1F-BF94-4F9D-B5AC-1AEC4928E431}
		{0A8D4EC5-45C2-44F5-80DF-8F1CC85E0BDA} = {5704DE1F-BF94-4F9D-B5AC-1AEC4928E431}
		{F144B5ED-586E-440D-9342-DE65E2EC2998} = {9CA70481-592D-458A-AD0F-4F9BB887DF64}
		{77434639-BEB5-468F-A612-4267186B5B34} = {9CA70481-592D-458A-AD0F-4F9BB887DF64}
		{2ACBCC49-EF6F-499B-856C-6A36C4648752} = {9CA70481-592D-458A-AD0F-4F9BB887DF64}
		{4B04C817-267C-49EA-B268-ED2D4C6E7AC6} = {CDF165EE-34A1-4191-B1E7-72C6E8FD3113}
		{773BFFF2-9B16-4301-84D6-1460A3BD4A68} = {CDF165EE-34A1-4191-B1E7-72C6E8FD3113}
		{836D68ED-8F3C-46BB-8556-064DDF6D7B73} = {CDF165EE-34A1-4191-B1E7-72C6E8FD3113}
	EndGlobalSection
	GlobalSection(ExtensibilityGlobals) = postSolution
		SolutionGuid = {33210048-602F-47C6-9BD9-2C86847D08B6}
	EndGlobalSection
EndGlobal
